
Microsoft Visual Studio Solution File, Format Version 12.00
# Visual Studio Version 17
VisualStudioVersion = 17.9.34607.119
MinimumVisualStudioVersion = 10.0.40219.1
Project("{FAE04EC0-301F-11D3-BF4B-00C04F79EFBC}") = "TraversalCoreProje", "TraversalCoreProje\TraversalCoreProje.csproj", "{C19A2AD0-D097-4AAD-9C64-9A4956710216}"
EndProject
Global
	GlobalSection(SolutionConfigurationPlatforms) = preSolution
		Debug|Any CPU = Debug|Any CPU
		Release|Any CPU = Release|Any CPU
	EndGlobalSection
	GlobalSection(ProjectConfigurationPlatforms) = postSolution
		{C19A2AD0-D097-4AAD-9C64-9A4956710216}.Debug|Any CPU.ActiveCfg = Debug|Any CPU
		{C19A2AD0-D097-4AAD-9C64-9A4956710216}.Debug|Any CPU.Build.0 = Debug|Any CPU
		{C19A2AD0-D097-4AAD-9C64-9A4956710216}.Release|Any CPU.ActiveCfg = Release|Any CPU
		{C19A2AD0-D097-4AAD-9C64-9A4956710216}.Release|Any CPU.Build.0 = Release|Any CPU
	EndGlobalSection
	GlobalSection(SolutionProperties) = preSolution
		HideSolutionNode = FALSE
	EndGlobalSection
	GlobalSection(ExtensibilityGlobals) = postSolution
		SolutionGuid = {1908F164-1D0D-4F64-9BDA-99BE634A1FB3}
	EndGlobalSection
EndGlobal
